{
    "name": "CPAN-Testers",
    "version": "0.0.0",
    "lockfileVersion": 3,
    "requires": true,
    "packages": {
        "": {
            "name": "CPAN-Testers",
            "version": "0.0.0",
            "dependencies": {
                "bootstrap": "3.4.1",
                "font-awesome": "4.5.0",
                "jquery": "3.4.1"
            },
            "engines": {
                "node": ">=0.10.0"
            }
        },
        "node_modules/bootstrap": {
            "version": "3.4.1",
            "resolved": "https://registry.npmjs.org/bootstrap/-/bootstrap-3.4.1.tgz",
            "integrity": "sha512-yN5oZVmRCwe5aKwzRj6736nSmKDX7pLYwsXiCj/EYmo16hODaBiT4En5btW/jhBF/seV+XMx3aYwukYC3A49DA==",
            "deprecated": "This version of Bootstrap is no longer supported. Please upgrade to the latest version.",
            "license": "MIT",
            "engines": {
                "node": ">=6"
            }
        },
        "node_modules/font-awesome": {
            "version": "4.5.0",
            "license": "(OFL-1.1 AND MIT)",
            "engines": {
                "node": ">=0.10.3"
            }
        },
        "node_modules/jquery": {
            "version": "3.4.1",
            "resolved": "https://registry.npmjs.org/jquery/-/jquery-3.4.1.tgz",
            "integrity": "sha512-36+AdBzCL+y6qjw5Tx7HgzeGCzC81MDDgaUP8ld2zhx58HdqXGoBd+tHdrBMiyjGQs0Hxs/MLZTu/eHNJJuWPw==",
            "deprecated": "This version is deprecated. Please upgrade to the latest version or find support at https://www.herodevs.com/support/jquery-nes.",
            "license": "MIT"
        }
    }
}
